// !$*UTF8*$!
{
	archiveVersion = 1;
	classes = {
	};
	objectVersion = 51;
	objects = {

/* Begin PBXBuildFile section */
		03086CD72479228700F55C62 /* WeatherInfoTableCell.swift in Sources */ = {isa = PBXBuildFile; fileRef = 03086CD62479228700F55C62 /* WeatherInfoTableCell.swift */; };
		03086CD92479339E00F55C62 /* ServiceManager.swift in Sources */ = {isa = PBXBuildFile; fileRef = 03086CD82479339E00F55C62 /* ServiceManager.swift */; };
		03086CE1247A349B00F55C62 /* NewCityInfoModel.swift in Sources */ = {isa = PBXBuildFile; fileRef = 03086CE0247A349B00F55C62 /* NewCityInfoModel.swift */; };
		03086CE4247A96D600F55C62 /* AddNewCityTableCell.swift in Sources */ = {isa = PBXBuildFile; fileRef = 03086CE3247A96D600F55C62 /* AddNewCityTableCell.swift */; };
		03086CE7247AE16500F55C62 /* DetailWeatherInfoViewController.swift in Sources */ = {isa = PBXBuildFile; fileRef = 03086CE6247AE16500F55C62 /* DetailWeatherInfoViewController.swift */; };
		03086CE9247AEFFC00F55C62 /* OWToastMessage.swift in Sources */ = {isa = PBXBuildFile; fileRef = 03086CE8247AEFFC00F55C62 /* OWToastMessage.swift */; };
		03418DCD2478285F0086A8FB /* WeatherInfoViewModel.swift in Sources */ = {isa = PBXBuildFile; fileRef = 03418DCC2478285F0086A8FB /* WeatherInfoViewModel.swift */; };
		0357898E247A34E900040E31 /* AddNewCityInfoViewController.swift in Sources */ = {isa = PBXBuildFile; fileRef = 0357898D247A34E900040E31 /* AddNewCityInfoViewController.swift */; };
		03578990247A371800040E31 /* DatabaseManager.swift in Sources */ = {isa = PBXBuildFile; fileRef = 0357898F247A371800040E31 /* DatabaseManager.swift */; };
		03578992247AA0AF00040E31 /* citylist.json in Resources */ = {isa = PBXBuildFile; fileRef = 03578991247AA0AF00040E31 /* citylist.json */; };
		035D4980247AB38F00931F0C /* NewCityInfoViewModel.swift in Sources */ = {isa = PBXBuildFile; fileRef = 035D497F247AB38F00931F0C /* NewCityInfoViewModel.swift */; };
		035D4982247B136200931F0C /* DetailWeatherInfoCell.swift in Sources */ = {isa = PBXBuildFile; fileRef = 035D4981247B136200931F0C /* DetailWeatherInfoCell.swift */; };
		03737C6E247D10E30042ACF8 /* DetailInfoModel.swift in Sources */ = {isa = PBXBuildFile; fileRef = 03737C6D247D10E30042ACF8 /* DetailInfoModel.swift */; };
		03737C72247D128D0042ACF8 /* DetailInfoViewModel.swift in Sources */ = {isa = PBXBuildFile; fileRef = 03737C71247D128D0042ACF8 /* DetailInfoViewModel.swift */; };
		03C271A62477E5C3003034F2 /* AppDelegate.swift in Sources */ = {isa = PBXBuildFile; fileRef = 03C271A52477E5C3003034F2 /* AppDelegate.swift */; };
		03C271AB2477E5C3003034F2 /* Main.storyboard in Resources */ = {isa = PBXBuildFile; fileRef = 03C271A92477E5C3003034F2 /* Main.storyboard */; };
		03C271AD2477E5C4003034F2 /* Assets.xcassets in Resources */ = {isa = PBXBuildFile; fileRef = 03C271AC2477E5C4003034F2 /* Assets.xcassets */; };
		03C271B02477E5C4003034F2 /* LaunchScreen.storyboard in Resources */ = {isa = PBXBuildFile; fileRef = 03C271AE2477E5C4003034F2 /* LaunchScreen.storyboard */; };
		03C271BB2477E5C4003034F2 /* OptusWeatherDemoAppTests.swift in Sources */ = {isa = PBXBuildFile; fileRef = 03C271BA2477E5C4003034F2 /* OptusWeatherDemoAppTests.swift */; };
		03C271C62477E5C4003034F2 /* OptusWeatherDemoAppUITests.swift in Sources */ = {isa = PBXBuildFile; fileRef = 03C271C52477E5C4003034F2 /* OptusWeatherDemoAppUITests.swift */; };
		03C271D92477E7FF003034F2 /* OWAppConfig.swift in Sources */ = {isa = PBXBuildFile; fileRef = 03C271D82477E7FF003034F2 /* OWAppConfig.swift */; };
		03C271DB2477E8C4003034F2 /* OWConstants.swift in Sources */ = {isa = PBXBuildFile; fileRef = 03C271DA2477E8C4003034F2 /* OWConstants.swift */; };
		03C271DD2477F7DD003034F2 /* WeatherInfoModel.swift in Sources */ = {isa = PBXBuildFile; fileRef = 03C271DC2477F7DD003034F2 /* WeatherInfoModel.swift */; };
		03C271DF2477FE12003034F2 /* WeatherInfoListViewController.swift in Sources */ = {isa = PBXBuildFile; fileRef = 03C271DE2477FE12003034F2 /* WeatherInfoListViewController.swift */; };
		03F1A537247D4C6B00578DBE /* OWUIColor+Extension.swift in Sources */ = {isa = PBXBuildFile; fileRef = 03F1A536247D4C6B00578DBE /* OWUIColor+Extension.swift */; };
		04650E5F03D3CC7495C61955 /* Pods_OptusWeatherDemoApp_OptusWeatherDemoAppUITests.framework in Frameworks */ = {isa = PBXBuildFile; fileRef = A4D464811B99EC5DEE08AA68 /* Pods_OptusWeatherDemoApp_OptusWeatherDemoAppUITests.framework */; };
		0F5DFF1D5C478F3057DDCF5C /* Pods_OptusWeatherDemoApp.framework in Frameworks */ = {isa = PBXBuildFile; fileRef = C563E9466C88D948936B3CDE /* Pods_OptusWeatherDemoApp.framework */; };
		83411E9C03830C276E22CCA8 /* Pods_OptusWeatherDemoAppTests.framework in Frameworks */ = {isa = PBXBuildFile; fileRef = 7C83E9BEB47C5A7153C5350D /* Pods_OptusWeatherDemoAppTests.framework */; };
/* End PBXBuildFile section */

/* Begin PBXContainerItemProxy section */
		03C271B72477E5C4003034F2 /* PBXContainerItemProxy */ = {
			isa = PBXContainerItemProxy;
			containerPortal = 03C2719A2477E5C3003034F2 /* Project object */;
			proxyType = 1;
			remoteGlobalIDString = 03C271A12477E5C3003034F2;
			remoteInfo = OptusWeatherDemoApp;
		};
		03C271C22477E5C4003034F2 /* PBXContainerItemProxy */ = {
			isa = PBXContainerItemProxy;
			containerPortal = 03C2719A2477E5C3003034F2 /* Project object */;
			proxyType = 1;
			remoteGlobalIDString = 03C271A12477E5C3003034F2;
			remoteInfo = OptusWeatherDemoApp;
		};
/* End PBXContainerItemProxy section */

/* Begin PBXFileReference section */
		02F60678E8BC1757FC792538 /* Pods-OptusWeatherDemoApp.release.xcconfig */ = {isa = PBXFileReference; includeInIndex = 1; lastKnownFileType = text.xcconfig; name = "Pods-OptusWeatherDemoApp.release.xcconfig"; path = "Target Support Files/Pods-OptusWeatherDemoApp/Pods-OptusWeatherDemoApp.release.xcconfig"; sourceTree = "<group>"; };
		03086CD62479228700F55C62 /* WeatherInfoTableCell.swift */ = {isa = PBXFileReference; lastKnownFileType = sourcecode.swift; path = WeatherInfoTableCell.swift; sourceTree = "<group>"; };
		03086CD82479339E00F55C62 /* ServiceManager.swift */ = {isa = PBXFileReference; lastKnownFileType = sourcecode.swift; path = ServiceManager.swift; sourceTree = "<group>"; };
		03086CE0247A349B00F55C62 /* NewCityInfoModel.swift */ = {isa = PBXFileReference; lastKnownFileType = sourcecode.swift; path = NewCityInfoModel.swift; sourceTree = "<group>"; };
		03086CE3247A96D600F55C62 /* AddNewCityTableCell.swift */ = {isa = PBXFileReference; lastKnownFileType = sourcecode.swift; path = AddNewCityTableCell.swift; sourceTree = "<group>"; };
		03086CE6247AE16500F55C62 /* DetailWeatherInfoViewController.swift */ = {isa = PBXFileReference; lastKnownFileType = sourcecode.swift; path = DetailWeatherInfoViewController.swift; sourceTree = "<group>"; };
		03086CE8247AEFFC00F55C62 /* OWToastMessage.swift */ = {isa = PBXFileReference; lastKnownFileType = sourcecode.swift; path = OWToastMessage.swift; sourceTree = "<group>"; };
		03418DCC2478285F0086A8FB /* WeatherInfoViewModel.swift */ = {isa = PBXFileReference; lastKnownFileType = sourcecode.swift; path = WeatherInfoViewModel.swift; sourceTree = "<group>"; };
		0357898D247A34E900040E31 /* AddNewCityInfoViewController.swift */ = {isa = PBXFileReference; lastKnownFileType = sourcecode.swift; path = AddNewCityInfoViewController.swift; sourceTree = "<group>"; };
		0357898F247A371800040E31 /* DatabaseManager.swift */ = {isa = PBXFileReference; lastKnownFileType = sourcecode.swift; path = DatabaseManager.swift; sourceTree = "<group>"; };
		03578991247AA0AF00040E31 /* citylist.json */ = {isa = PBXFileReference; fileEncoding = 4; lastKnownFileType = text.json; path = citylist.json; sourceTree = "<group>"; };
		035D497F247AB38F00931F0C /* NewCityInfoViewModel.swift */ = {isa = PBXFileReference; lastKnownFileType = sourcecode.swift; path = NewCityInfoViewModel.swift; sourceTree = "<group>"; };
		035D4981247B136200931F0C /* DetailWeatherInfoCell.swift */ = {isa = PBXFileReference; lastKnownFileType = sourcecode.swift; path = DetailWeatherInfoCell.swift; sourceTree = "<group>"; };
		03737C6D247D10E30042ACF8 /* DetailInfoModel.swift */ = {isa = PBXFileReference; lastKnownFileType = sourcecode.swift; path = DetailInfoModel.swift; sourceTree = "<group>"; };
		03737C71247D128D0042ACF8 /* DetailInfoViewModel.swift */ = {isa = PBXFileReference; lastKnownFileType = sourcecode.swift; path = DetailInfoViewModel.swift; sourceTree = "<group>"; };
		03C271A22477E5C3003034F2 /* OptusWeatherDemoApp.app */ = {isa = PBXFileReference; explicitFileType = wrapper.application; includeInIndex = 0; path = OptusWeatherDemoApp.app; sourceTree = BUILT_PRODUCTS_DIR; };
		03C271A52477E5C3003034F2 /* AppDelegate.swift */ = {isa = PBXFileReference; lastKnownFileType = sourcecode.swift; path = AppDelegate.swift; sourceTree = "<group>"; };
		03C271AA2477E5C3003034F2 /* Base */ = {isa = PBXFileReference; lastKnownFileType = file.storyboard; name = Base; path = Base.lproj/Main.storyboard; sourceTree = "<group>"; };
		03C271AC2477E5C4003034F2 /* Assets.xcassets */ = {isa = PBXFileReference; lastKnownFileType = folder.assetcatalog; path = Assets.xcassets; sourceTree = "<group>"; };
		03C271AF2477E5C4003034F2 /* Base */ = {isa = PBXFileReference; lastKnownFileType = file.storyboard; name = Base; path = Base.lproj/LaunchScreen.storyboard; sourceTree = "<group>"; };
		03C271B12477E5C4003034F2 /* Info.plist */ = {isa = PBXFileReference; lastKnownFileType = text.plist.xml; path = Info.plist; sourceTree = "<group>"; };
		03C271B62477E5C4003034F2 /* OptusWeatherDemoAppTests.xctest */ = {isa = PBXFileReference; explicitFileType = wrapper.cfbundle; includeInIndex = 0; path = OptusWeatherDemoAppTests.xctest; sourceTree = BUILT_PRODUCTS_DIR; };
		03C271BA2477E5C4003034F2 /* OptusWeatherDemoAppTests.swift */ = {isa = PBXFileReference; lastKnownFileType = sourcecode.swift; path = OptusWeatherDemoAppTests.swift; sourceTree = "<group>"; };
		03C271BC2477E5C4003034F2 /* Info.plist */ = {isa = PBXFileReference; lastKnownFileType = text.plist.xml; path = Info.plist; sourceTree = "<group>"; };
		03C271C12477E5C4003034F2 /* OptusWeatherDemoAppUITests.xctest */ = {isa = PBXFileReference; explicitFileType = wrapper.cfbundle; includeInIndex = 0; path = OptusWeatherDemoAppUITests.xctest; sourceTree = BUILT_PRODUCTS_DIR; };
		03C271C52477E5C4003034F2 /* OptusWeatherDemoAppUITests.swift */ = {isa = PBXFileReference; lastKnownFileType = sourcecode.swift; path = OptusWeatherDemoAppUITests.swift; sourceTree = "<group>"; };
		03C271C72477E5C4003034F2 /* Info.plist */ = {isa = PBXFileReference; lastKnownFileType = text.plist.xml; path = Info.plist; sourceTree = "<group>"; };
		03C271D82477E7FF003034F2 /* OWAppConfig.swift */ = {isa = PBXFileReference; lastKnownFileType = sourcecode.swift; path = OWAppConfig.swift; sourceTree = "<group>"; };
		03C271DA2477E8C4003034F2 /* OWConstants.swift */ = {isa = PBXFileReference; lastKnownFileType = sourcecode.swift; path = OWConstants.swift; sourceTree = "<group>"; };
		03C271DC2477F7DD003034F2 /* WeatherInfoModel.swift */ = {isa = PBXFileReference; lastKnownFileType = sourcecode.swift; path = WeatherInfoModel.swift; sourceTree = "<group>"; };
		03C271DE2477FE12003034F2 /* WeatherInfoListViewController.swift */ = {isa = PBXFileReference; lastKnownFileType = sourcecode.swift; path = WeatherInfoListViewController.swift; sourceTree = "<group>"; };
		03F1A536247D4C6B00578DBE /* OWUIColor+Extension.swift */ = {isa = PBXFileReference; lastKnownFileType = sourcecode.swift; path = "OWUIColor+Extension.swift"; sourceTree = "<group>"; };
		42990C58F591760ED1743640 /* Pods-OptusWeatherDemoAppTests.debug.xcconfig */ = {isa = PBXFileReference; includeInIndex = 1; lastKnownFileType = text.xcconfig; name = "Pods-OptusWeatherDemoAppTests.debug.xcconfig"; path = "Target Support Files/Pods-OptusWeatherDemoAppTests/Pods-OptusWeatherDemoAppTests.debug.xcconfig"; sourceTree = "<group>"; };
		58DF19FB912BF902622E5862 /* Pods-OptusWeatherDemoApp-OptusWeatherDemoAppUITests.release.xcconfig */ = {isa = PBXFileReference; includeInIndex = 1; lastKnownFileType = text.xcconfig; name = "Pods-OptusWeatherDemoApp-OptusWeatherDemoAppUITests.release.xcconfig"; path = "Target Support Files/Pods-OptusWeatherDemoApp-OptusWeatherDemoAppUITests/Pods-OptusWeatherDemoApp-OptusWeatherDemoAppUITests.release.xcconfig"; sourceTree = "<group>"; };
		76C1DF1417ADF40506EFA412 /* Pods-OptusWeatherDemoApp-OptusWeatherDemoAppUITests.debug.xcconfig */ = {isa = PBXFileReference; includeInIndex = 1; lastKnownFileType = text.xcconfig; name = "Pods-OptusWeatherDemoApp-OptusWeatherDemoAppUITests.debug.xcconfig"; path = "Target Support Files/Pods-OptusWeatherDemoApp-OptusWeatherDemoAppUITests/Pods-OptusWeatherDemoApp-OptusWeatherDemoAppUITests.debug.xcconfig"; sourceTree = "<group>"; };
		7C83E9BEB47C5A7153C5350D /* Pods_OptusWeatherDemoAppTests.framework */ = {isa = PBXFileReference; explicitFileType = wrapper.framework; includeInIndex = 0; path = Pods_OptusWeatherDemoAppTests.framework; sourceTree = BUILT_PRODUCTS_DIR; };
		A4D464811B99EC5DEE08AA68 /* Pods_OptusWeatherDemoApp_OptusWeatherDemoAppUITests.framework */ = {isa = PBXFileReference; explicitFileType = wrapper.framework; includeInIndex = 0; path = Pods_OptusWeatherDemoApp_OptusWeatherDemoAppUITests.framework; sourceTree = BUILT_PRODUCTS_DIR; };
		C563E9466C88D948936B3CDE /* Pods_OptusWeatherDemoApp.framework */ = {isa = PBXFileReference; explicitFileType = wrapper.framework; includeInIndex = 0; path = Pods_OptusWeatherDemoApp.framework; sourceTree = BUILT_PRODUCTS_DIR; };
		D150C9D0FD7A6EEEAE1CADE5 /* Pods-OptusWeatherDemoAppTests.release.xcconfig */ = {isa = PBXFileReference; includeInIndex = 1; lastKnownFileType = text.xcconfig; name = "Pods-OptusWeatherDemoAppTests.release.xcconfig"; path = "Target Support Files/Pods-OptusWeatherDemoAppTests/Pods-OptusWeatherDemoAppTests.release.xcconfig"; sourceTree = "<group>"; };
		F9845EB90151D88B0341FF43 /* Pods-OptusWeatherDemoApp.debug.xcconfig */ = {isa = PBXFileReference; includeInIndex = 1; lastKnownFileType = text.xcconfig; name = "Pods-OptusWeatherDemoApp.debug.xcconfig"; path = "Target Support Files/Pods-OptusWeatherDemoApp/Pods-OptusWeatherDemoApp.debug.xcconfig"; sourceTree = "<group>"; };
/* End PBXFileReference section */

/* Begin PBXFrameworksBuildPhase section */
		03C2719F2477E5C3003034F2 /* Frameworks */ = {
			isa = PBXFrameworksBuildPhase;
			buildActionMask = 2147483647;
			files = (
				0F5DFF1D5C478F3057DDCF5C /* Pods_OptusWeatherDemoApp.framework in Frameworks */,
			);
			runOnlyForDeploymentPostprocessing = 0;
		};
		03C271B32477E5C4003034F2 /* Frameworks */ = {
			isa = PBXFrameworksBuildPhase;
			buildActionMask = 2147483647;
			files = (
				83411E9C03830C276E22CCA8 /* Pods_OptusWeatherDemoAppTests.framework in Frameworks */,
			);
			runOnlyForDeploymentPostprocessing = 0;
		};
		03C271BE2477E5C4003034F2 /* Frameworks */ = {
			isa = PBXFrameworksBuildPhase;
			buildActionMask = 2147483647;
			files = (
				04650E5F03D3CC7495C61955 /* Pods_OptusWeatherDemoApp_OptusWeatherDemoAppUITests.framework in Frameworks */,
			);
			runOnlyForDeploymentPostprocessing = 0;
		};
/* End PBXFrameworksBuildPhase section */

/* Begin PBXGroup section */
		03086CD52479224E00F55C62 /* WeatherInfoCell */ = {
			isa = PBXGroup;
			children = (
				03086CD62479228700F55C62 /* WeatherInfoTableCell.swift */,
			);
			path = WeatherInfoCell;
			sourceTree = "<group>";
		};
		03086CDA247933A700F55C62 /* Services */ = {
			isa = PBXGroup;
			children = (
				0357898F247A371800040E31 /* DatabaseManager.swift */,
				03086CD82479339E00F55C62 /* ServiceManager.swift */,
			);
			path = Services;
			sourceTree = "<group>";
		};
		03086CDB2479545500F55C62 /* DetailWeatherInfo */ = {
			isa = PBXGroup;
			children = (
				03F1A535247D109F00578DBE /* Model */,
				03737C6F247D11020042ACF8 /* View */,
				03737C70247D11B30042ACF8 /* ViewModel */,
			);
			path = DetailWeatherInfo;
			sourceTree = "<group>";
		};
		03086CDC2479546D00F55C62 /* AddNewCityInfo */ = {
			isa = PBXGroup;
			children = (
				03086CDF2479559D00F55C62 /* Model */,
				03086CDE2479559500F55C62 /* View */,
				03086CDD2479558600F55C62 /* ViewModel */,
			);
			path = AddNewCityInfo;
			sourceTree = "<group>";
		};
		03086CDD2479558600F55C62 /* ViewModel */ = {
			isa = PBXGroup;
			children = (
				035D497F247AB38F00931F0C /* NewCityInfoViewModel.swift */,
			);
			path = ViewModel;
			sourceTree = "<group>";
		};
		03086CDE2479559500F55C62 /* View */ = {
			isa = PBXGroup;
			children = (
				0357898D247A34E900040E31 /* AddNewCityInfoViewController.swift */,
				03086CE2247A965600F55C62 /* AddNewCityCell */,
			);
			path = View;
			sourceTree = "<group>";
		};
		03086CDF2479559D00F55C62 /* Model */ = {
			isa = PBXGroup;
			children = (
				03086CE0247A349B00F55C62 /* NewCityInfoModel.swift */,
			);
			path = Model;
			sourceTree = "<group>";
		};
		03086CE2247A965600F55C62 /* AddNewCityCell */ = {
			isa = PBXGroup;
			children = (
				03086CE3247A96D600F55C62 /* AddNewCityTableCell.swift */,
			);
			path = AddNewCityCell;
			sourceTree = "<group>";
		};
		03086CE5247A9A2500F55C62 /* LocalJson */ = {
			isa = PBXGroup;
			children = (
				03578991247AA0AF00040E31 /* citylist.json */,
			);
			path = LocalJson;
			sourceTree = "<group>";
		};
		035D4983247B136F00931F0C /* DetailsInfoCell */ = {
			isa = PBXGroup;
			children = (
				035D4981247B136200931F0C /* DetailWeatherInfoCell.swift */,
			);
			path = DetailsInfoCell;
			sourceTree = "<group>";
		};
		03737C6F247D11020042ACF8 /* View */ = {
			isa = PBXGroup;
			children = (
				03086CE6247AE16500F55C62 /* DetailWeatherInfoViewController.swift */,
				035D4983247B136F00931F0C /* DetailsInfoCell */,
			);
			path = View;
			sourceTree = "<group>";
		};
		03737C70247D11B30042ACF8 /* ViewModel */ = {
			isa = PBXGroup;
			children = (
				03737C71247D128D0042ACF8 /* DetailInfoViewModel.swift */,
			);
			path = ViewModel;
			sourceTree = "<group>";
		};
		03C271992477E5C3003034F2 = {
			isa = PBXGroup;
			children = (
				03C271A42477E5C3003034F2 /* OptusWeatherDemoApp */,
				03C271B92477E5C4003034F2 /* OptusWeatherDemoAppTests */,
				03C271C42477E5C4003034F2 /* OptusWeatherDemoAppUITests */,
				03C271A32477E5C3003034F2 /* Products */,
				DDDD70FCA7F9856003C10800 /* Pods */,
				45EC614C80FC60E8D0D8BA9D /* Frameworks */,
			);
			sourceTree = "<group>";
		};
		03C271A32477E5C3003034F2 /* Products */ = {
			isa = PBXGroup;
			children = (
				03C271A22477E5C3003034F2 /* OptusWeatherDemoApp.app */,
				03C271B62477E5C4003034F2 /* OptusWeatherDemoAppTests.xctest */,
				03C271C12477E5C4003034F2 /* OptusWeatherDemoAppUITests.xctest */,
			);
			name = Products;
			sourceTree = "<group>";
		};
		03C271A42477E5C3003034F2 /* OptusWeatherDemoApp */ = {
			isa = PBXGroup;
			children = (
				03C271A52477E5C3003034F2 /* AppDelegate.swift */,
				03C271D62477E7B7003034F2 /* WeatherInfo */,
				03086CDB2479545500F55C62 /* DetailWeatherInfo */,
				03086CDC2479546D00F55C62 /* AddNewCityInfo */,
				03086CDA247933A700F55C62 /* Services */,
				03C271D72477E7D1003034F2 /* Utility */,
				03086CE5247A9A2500F55C62 /* LocalJson */,
				03C271A92477E5C3003034F2 /* Main.storyboard */,
				03C271AC2477E5C4003034F2 /* Assets.xcassets */,
				03C271AE2477E5C4003034F2 /* LaunchScreen.storyboard */,
				03C271B12477E5C4003034F2 /* Info.plist */,
			);
			path = OptusWeatherDemoApp;
			sourceTree = "<group>";
		};
		03C271B92477E5C4003034F2 /* OptusWeatherDemoAppTests */ = {
			isa = PBXGroup;
			children = (
				03C271BA2477E5C4003034F2 /* OptusWeatherDemoAppTests.swift */,
				03C271BC2477E5C4003034F2 /* Info.plist */,
			);
			path = OptusWeatherDemoAppTests;
			sourceTree = "<group>";
		};
		03C271C42477E5C4003034F2 /* OptusWeatherDemoAppUITests */ = {
			isa = PBXGroup;
			children = (
				03C271C52477E5C4003034F2 /* OptusWeatherDemoAppUITests.swift */,
				03C271C72477E5C4003034F2 /* Info.plist */,
			);
			path = OptusWeatherDemoAppUITests;
			sourceTree = "<group>";
		};
		03C271D32477E73D003034F2 /* Model */ = {
			isa = PBXGroup;
			children = (
				03C271DC2477F7DD003034F2 /* WeatherInfoModel.swift */,
			);
			path = Model;
			sourceTree = "<group>";
		};
		03C271D42477E77A003034F2 /* View */ = {
			isa = PBXGroup;
			children = (
				03C271DE2477FE12003034F2 /* WeatherInfoListViewController.swift */,
				03086CD52479224E00F55C62 /* WeatherInfoCell */,
			);
			path = View;
			sourceTree = "<group>";
		};
		03C271D52477E786003034F2 /* ViewModel */ = {
			isa = PBXGroup;
			children = (
				03418DCC2478285F0086A8FB /* WeatherInfoViewModel.swift */,
			);
			path = ViewModel;
			sourceTree = "<group>";
		};
		03C271D62477E7B7003034F2 /* WeatherInfo */ = {
			isa = PBXGroup;
			children = (
				03C271D32477E73D003034F2 /* Model */,
				03C271D42477E77A003034F2 /* View */,
				03C271D52477E786003034F2 /* ViewModel */,
			);
			path = WeatherInfo;
			sourceTree = "<group>";
		};
		03C271D72477E7D1003034F2 /* Utility */ = {
			isa = PBXGroup;
			children = (
				03C271D82477E7FF003034F2 /* OWAppConfig.swift */,
				03C271DA2477E8C4003034F2 /* OWConstants.swift */,
				03F1A536247D4C6B00578DBE /* OWUIColor+Extension.swift */,
				03086CE8247AEFFC00F55C62 /* OWToastMessage.swift */,
			);
			path = Utility;
			sourceTree = "<group>";
		};
		03F1A535247D109F00578DBE /* Model */ = {
			isa = PBXGroup;
			children = (
				03737C6D247D10E30042ACF8 /* DetailInfoModel.swift */,
			);
			path = Model;
			sourceTree = "<group>";
		};
		45EC614C80FC60E8D0D8BA9D /* Frameworks */ = {
			isa = PBXGroup;
			children = (
				C563E9466C88D948936B3CDE /* Pods_OptusWeatherDemoApp.framework */,
				A4D464811B99EC5DEE08AA68 /* Pods_OptusWeatherDemoApp_OptusWeatherDemoAppUITests.framework */,
				7C83E9BEB47C5A7153C5350D /* Pods_OptusWeatherDemoAppTests.framework */,
			);
			name = Frameworks;
			sourceTree = "<group>";
		};
		DDDD70FCA7F9856003C10800 /* Pods */ = {
			isa = PBXGroup;
			children = (
				F9845EB90151D88B0341FF43 /* Pods-OptusWeatherDemoApp.debug.xcconfig */,
				02F60678E8BC1757FC792538 /* Pods-OptusWeatherDemoApp.release.xcconfig */,
				76C1DF1417ADF40506EFA412 /* Pods-OptusWeatherDemoApp-OptusWeatherDemoAppUITests.debug.xcconfig */,
				58DF19FB912BF902622E5862 /* Pods-OptusWeatherDemoApp-OptusWeatherDemoAppUITests.release.xcconfig */,
				42990C58F591760ED1743640 /* Pods-OptusWeatherDemoAppTests.debug.xcconfig */,
				D150C9D0FD7A6EEEAE1CADE5 /* Pods-OptusWeatherDemoAppTests.release.xcconfig */,
			);
			path = Pods;
			sourceTree = "<group>";
		};
/* End PBXGroup section */

/* Begin PBXNativeTarget section */
		03C271A12477E5C3003034F2 /* OptusWeatherDemoApp */ = {
			isa = PBXNativeTarget;
			buildConfigurationList = 03C271CA2477E5C4003034F2 /* Build configuration list for PBXNativeTarget "OptusWeatherDemoApp" */;
			buildPhases = (
				ED7562CE294AE7D7AC9F4986 /* [CP] Check Pods Manifest.lock */,
				03C2719E2477E5C3003034F2 /* Sources */,
				03C2719F2477E5C3003034F2 /* Frameworks */,
				03C271A02477E5C3003034F2 /* Resources */,
				9790E065DB5C1BD3DF8610B6 /* [CP] Embed Pods Frameworks */,
			);
			buildRules = (
			);
			dependencies = (
			);
			name = OptusWeatherDemoApp;
			productName = OptusWeatherDemoApp;
			productReference = 03C271A22477E5C3003034F2 /* OptusWeatherDemoApp.app */;
			productType = "com.apple.product-type.application";
		};
		03C271B52477E5C4003034F2 /* OptusWeatherDemoAppTests */ = {
			isa = PBXNativeTarget;
			buildConfigurationList = 03C271CD2477E5C4003034F2 /* Build configuration list for PBXNativeTarget "OptusWeatherDemoAppTests" */;
			buildPhases = (
				BD69AF607C1F067D24E7655F /* [CP] Check Pods Manifest.lock */,
				03C271B22477E5C4003034F2 /* Sources */,
				03C271B32477E5C4003034F2 /* Frameworks */,
				03C271B42477E5C4003034F2 /* Resources */,
			);
			buildRules = (
			);
			dependencies = (
				03C271B82477E5C4003034F2 /* PBXTargetDependency */,
			);
			name = OptusWeatherDemoAppTests;
			productName = OptusWeatherDemoAppTests;
			productReference = 03C271B62477E5C4003034F2 /* OptusWeatherDemoAppTests.xctest */;
			productType = "com.apple.product-type.bundle.unit-test";
		};
		03C271C02477E5C4003034F2 /* OptusWeatherDemoAppUITests */ = {
			isa = PBXNativeTarget;
			buildConfigurationList = 03C271D02477E5C4003034F2 /* Build configuration list for PBXNativeTarget "OptusWeatherDemoAppUITests" */;
			buildPhases = (
				8F893BAEF765D983CD6F0ACA /* [CP] Check Pods Manifest.lock */,
				03C271BD2477E5C4003034F2 /* Sources */,
				03C271BE2477E5C4003034F2 /* Frameworks */,
				03C271BF2477E5C4003034F2 /* Resources */,
				CFE19E6ECCF70A1FBE35B1E9 /* [CP] Embed Pods Frameworks */,
			);
			buildRules = (
			);
			dependencies = (
				03C271C32477E5C4003034F2 /* PBXTargetDependency */,
			);
			name = OptusWeatherDemoAppUITests;
			productName = OptusWeatherDemoAppUITests;
			productReference = 03C271C12477E5C4003034F2 /* OptusWeatherDemoAppUITests.xctest */;
			productType = "com.apple.product-type.bundle.ui-testing";
		};
/* End PBXNativeTarget section */

/* Begin PBXProject section */
		03C2719A2477E5C3003034F2 /* Project object */ = {
			isa = PBXProject;
			attributes = {
				LastSwiftUpdateCheck = 1020;
				LastUpgradeCheck = 1020;
				ORGANIZATIONNAME = "Sachin Randive";
				TargetAttributes = {
					03C271A12477E5C3003034F2 = {
						CreatedOnToolsVersion = 10.2.1;
					};
					03C271B52477E5C4003034F2 = {
						CreatedOnToolsVersion = 10.2.1;
						TestTargetID = 03C271A12477E5C3003034F2;
					};
					03C271C02477E5C4003034F2 = {
						CreatedOnToolsVersion = 10.2.1;
						TestTargetID = 03C271A12477E5C3003034F2;
					};
				};
			};
			buildConfigurationList = 03C2719D2477E5C3003034F2 /* Build configuration list for PBXProject "OptusWeatherDemoApp" */;
			compatibilityVersion = "Xcode 9.3";
			developmentRegion = en;
			hasScannedForEncodings = 0;
			knownRegions = (
				en,
				Base,
			);
			mainGroup = 03C271992477E5C3003034F2;
			productRefGroup = 03C271A32477E5C3003034F2 /* Products */;
			projectDirPath = "";
			projectRoot = "";
			targets = (
				03C271A12477E5C3003034F2 /* OptusWeatherDemoApp */,
				03C271B52477E5C4003034F2 /* OptusWeatherDemoAppTests */,
				03C271C02477E5C4003034F2 /* OptusWeatherDemoAppUITests */,
			);
		};
/* End PBXProject section */

/* Begin PBXResourcesBuildPhase section */
		03C271A02477E5C3003034F2 /* Resources */ = {
			isa = PBXResourcesBuildPhase;
			buildActionMask = 2147483647;
			files = (
				03C271B02477E5C4003034F2 /* LaunchScreen.storyboard in Resources */,
				03C271AD2477E5C4003034F2 /* Assets.xcassets in Resources */,
				03578992247AA0AF00040E31 /* citylist.json in Resources */,
				03C271AB2477E5C3003034F2 /* Main.storyboard in Resources */,
			);
			runOnlyForDeploymentPostprocessing = 0;
		};
		03C271B42477E5C4003034F2 /* Resources */ = {
			isa = PBXResourcesBuildPhase;
			buildActionMask = 2147483647;
			files = (
			);
			runOnlyForDeploymentPostprocessing = 0;
		};
		03C271BF2477E5C4003034F2 /* Resources */ = {
			isa = PBXResourcesBuildPhase;
			buildActionMask = 2147483647;
			files = (
			);
			runOnlyForDeploymentPostprocessing = 0;
		};
/* End PBXResourcesBuildPhase section */

/* Begin PBXShellScriptBuildPhase section */
		8F893BAEF765D983CD6F0ACA /* [CP] Check Pods Manifest.lock */ = {
			isa = PBXShellScriptBuildPhase;
			buildActionMask = 2147483647;
			files = (
			);
			inputFileListPaths = (
			);
			inputPaths = (
				"${PODS_PODFILE_DIR_PATH}/Podfile.lock",
				"${PODS_ROOT}/Manifest.lock",
			);
			name = "[CP] Check Pods Manifest.lock";
			outputFileListPaths = (
			);
			outputPaths = (
				"$(DERIVED_FILE_DIR)/Pods-OptusWeatherDemoApp-OptusWeatherDemoAppUITests-checkManifestLockResult.txt",
			);
			runOnlyForDeploymentPostprocessing = 0;
			shellPath = /bin/sh;
			shellScript = "diff \"${PODS_PODFILE_DIR_PATH}/Podfile.lock\" \"${PODS_ROOT}/Manifest.lock\" > /dev/null\nif [ $? != 0 ] ; then\n    # print error to STDERR\n    echo \"error: The sandbox is not in sync with the Podfile.lock. Run 'pod install' or update your CocoaPods installation.\" >&2\n    exit 1\nfi\n# This output is used by Xcode 'outputs' to avoid re-running this script phase.\necho \"SUCCESS\" > \"${SCRIPT_OUTPUT_FILE_0}\"\n";
			showEnvVarsInLog = 0;
		};
		9790E065DB5C1BD3DF8610B6 /* [CP] Embed Pods Frameworks */ = {
			isa = PBXShellScriptBuildPhase;
			buildActionMask = 2147483647;
			files = (
			);
			inputFileListPaths = (
				"${PODS_ROOT}/Target Support Files/Pods-OptusWeatherDemoApp/Pods-OptusWeatherDemoApp-frameworks-${CONFIGURATION}-input-files.xcfilelist",
			);
			name = "[CP] Embed Pods Frameworks";
			outputFileListPaths = (
				"${PODS_ROOT}/Target Support Files/Pods-OptusWeatherDemoApp/Pods-OptusWeatherDemoApp-frameworks-${CONFIGURATION}-output-files.xcfilelist",
			);
			runOnlyForDeploymentPostprocessing = 0;
			shellPath = /bin/sh;
			shellScript = "\"${PODS_ROOT}/Target Support Files/Pods-OptusWeatherDemoApp/Pods-OptusWeatherDemoApp-frameworks.sh\"\n";
			showEnvVarsInLog = 0;
		};
		BD69AF607C1F067D24E7655F /* [CP] Check Pods Manifest.lock */ = {
			isa = PBXShellScriptBuildPhase;
			buildActionMask = 2147483647;
			files = (
			);
			inputFileListPaths = (
			);
			inputPaths = (
				"${PODS_PODFILE_DIR_PATH}/Podfile.lock",
				"${PODS_ROOT}/Manifest.lock",
			);
			name = "[CP] Check Pods Manifest.lock";
			outputFileListPaths = (
			);
			outputPaths = (
				"$(DERIVED_FILE_DIR)/Pods-OptusWeatherDemoAppTests-checkManifestLockResult.txt",
			);
			runOnlyForDeploymentPostprocessing = 0;
			shellPath = /bin/sh;
			shellScript = "diff \"${PODS_PODFILE_DIR_PATH}/Podfile.lock\" \"${PODS_ROOT}/Manifest.lock\" > /dev/null\nif [ $? != 0 ] ; then\n    # print error to STDERR\n    echo \"error: The sandbox is not in sync with the Podfile.lock. Run 'pod install' or update your CocoaPods installation.\" >&2\n    exit 1\nfi\n# This output is used by Xcode 'outputs' to avoid re-running this script phase.\necho \"SUCCESS\" > \"${SCRIPT_OUTPUT_FILE_0}\"\n";
			showEnvVarsInLog = 0;
		};
		CFE19E6ECCF70A1FBE35B1E9 /* [CP] Embed Pods Frameworks */ = {
			isa = PBXShellScriptBuildPhase;
			buildActionMask = 2147483647;
			files = (
			);
			inputFileListPaths = (
				"${PODS_ROOT}/Target Support Files/Pods-OptusWeatherDemoApp-OptusWeatherDemoAppUITests/Pods-OptusWeatherDemoApp-OptusWeatherDemoAppUITests-frameworks-${CONFIGURATION}-input-files.xcfilelist",
			);
			name = "[CP] Embed Pods Frameworks";
			outputFileListPaths = (
				"${PODS_ROOT}/Target Support Files/Pods-OptusWeatherDemoApp-OptusWeatherDemoAppUITests/Pods-OptusWeatherDemoApp-OptusWeatherDemoAppUITests-frameworks-${CONFIGURATION}-output-files.xcfilelist",
			);
			runOnlyForDeploymentPostprocessing = 0;
			shellPath = /bin/sh;
			shellScript = "\"${PODS_ROOT}/Target Support Files/Pods-OptusWeatherDemoApp-OptusWeatherDemoAppUITests/Pods-OptusWeatherDemoApp-OptusWeatherDemoAppUITests-frameworks.sh\"\n";
			showEnvVarsInLog = 0;
		};
		ED7562CE294AE7D7AC9F4986 /* [CP] Check Pods Manifest.lock */ = {
			isa = PBXShellScriptBuildPhase;
			buildActionMask = 2147483647;
			files = (
			);
			inputFileListPaths = (
			);
			inputPaths = (
				"${PODS_PODFILE_DIR_PATH}/Podfile.lock",
				"${PODS_ROOT}/Manifest.lock",
			);
			name = "[CP] Check Pods Manifest.lock";
			outputFileListPaths = (
			);
			outputPaths = (
				"$(DERIVED_FILE_DIR)/Pods-OptusWeatherDemoApp-checkManifestLockResult.txt",
			);
			runOnlyForDeploymentPostprocessing = 0;
			shellPath = /bin/sh;
			shellScript = "diff \"${PODS_PODFILE_DIR_PATH}/Podfile.lock\" \"${PODS_ROOT}/Manifest.lock\" > /dev/null\nif [ $? != 0 ] ; then\n    # print error to STDERR\n    echo \"error: The sandbox is not in sync with the Podfile.lock. Run 'pod install' or update your CocoaPods installation.\" >&2\n    exit 1\nfi\n# This output is used by Xcode 'outputs' to avoid re-running this script phase.\necho \"SUCCESS\" > \"${SCRIPT_OUTPUT_FILE_0}\"\n";
			showEnvVarsInLog = 0;
		};
/* End PBXShellScriptBuildPhase section */

/* Begin PBXSourcesBuildPhase section */
		03C2719E2477E5C3003034F2 /* Sources */ = {
			isa = PBXSourcesBuildPhase;
			buildActionMask = 2147483647;
			files = (
				0357898E247A34E900040E31 /* AddNewCityInfoViewController.swift in Sources */,
				03F1A537247D4C6B00578DBE /* OWUIColor+Extension.swift in Sources */,
				03578990247A371800040E31 /* DatabaseManager.swift in Sources */,
				03086CE9247AEFFC00F55C62 /* OWToastMessage.swift in Sources */,
				03737C72247D128D0042ACF8 /* DetailInfoViewModel.swift in Sources */,
				03C271A62477E5C3003034F2 /* AppDelegate.swift in Sources */,
				03418DCD2478285F0086A8FB /* WeatherInfoViewModel.swift in Sources */,
				035D4982247B136200931F0C /* DetailWeatherInfoCell.swift in Sources */,
				03086CD72479228700F55C62 /* WeatherInfoTableCell.swift in Sources */,
				03086CD92479339E00F55C62 /* ServiceManager.swift in Sources */,
				03C271DF2477FE12003034F2 /* WeatherInfoListViewController.swift in Sources */,
				03086CE1247A349B00F55C62 /* NewCityInfoModel.swift in Sources */,
				03086CE7247AE16500F55C62 /* DetailWeatherInfoViewController.swift in Sources */,
				03086CE4247A96D600F55C62 /* AddNewCityTableCell.swift in Sources */,
				03C271DB2477E8C4003034F2 /* OWConstants.swift in Sources */,
				03737C6E247D10E30042ACF8 /* DetailInfoModel.swift in Sources */,
				03C271DD2477F7DD003034F2 /* WeatherInfoModel.swift in Sources */,
				035D4980247AB38F00931F0C /* NewCityInfoViewModel.swift in Sources */,
				03C271D92477E7FF003034F2 /* OWAppConfig.swift in Sources */,
			);
			runOnlyForDeploymentPostprocessing = 0;
		};
		03C271B22477E5C4003034F2 /* Sources */ = {
			isa = PBXSourcesBuildPhase;
			buildActionMask = 2147483647;
			files = (
				03C271BB2477E5C4003034F2 /* OptusWeatherDemoAppTests.swift in Sources */,
			);
			runOnlyForDeploymentPostprocessing = 0;
		};
		03C271BD2477E5C4003034F2 /* Sources */ = {
			isa = PBXSourcesBuildPhase;
			buildActionMask = 2147483647;
			files = (
				03C271C62477E5C4003034F2 /* OptusWeatherDemoAppUITests.swift in Sources */,
			);
			runOnlyForDeploymentPostprocessing = 0;
		};
/* End PBXSourcesBuildPhase section */

/* Begin PBXTargetDependency section */
		03C271B82477E5C4003034F2 /* PBXTargetDependency */ = {
			isa = PBXTargetDependency;
			target = 03C271A12477E5C3003034F2 /* OptusWeatherDemoApp */;
			targetProxy = 03C271B72477E5C4003034F2 /* PBXContainerItemProxy */;
		};
		03C271C32477E5C4003034F2 /* PBXTargetDependency */ = {
			isa = PBXTargetDependency;
			target = 03C271A12477E5C3003034F2 /* OptusWeatherDemoApp */;
			targetProxy = 03C271C22477E5C4003034F2 /* PBXContainerItemProxy */;
		};
/* End PBXTargetDependency section */

/* Begin PBXVariantGroup section */
		03C271A92477E5C3003034F2 /* Main.storyboard */ = {
			isa = PBXVariantGroup;
			children = (
				03C271AA2477E5C3003034F2 /* Base */,
			);
			name = Main.storyboard;
			sourceTree = "<group>";
		};
		03C271AE2477E5C4003034F2 /* LaunchScreen.storyboard */ = {
			isa = PBXVariantGroup;
			children = (
				03C271AF2477E5C4003034F2 /* Base */,
			);
			name = LaunchScreen.storyboard;
			sourceTree = "<group>";
		};
/* End PBXVariantGroup section */

/* Begin XCBuildConfiguration section */
		03C271C82477E5C4003034F2 /* Debug */ = {
			isa = XCBuildConfiguration;
			buildSettings = {
				ALWAYS_SEARCH_USER_PATHS = NO;
				CLANG_ANALYZER_NONNULL = YES;
				CLANG_ANALYZER_NUMBER_OBJECT_CONVERSION = YES_AGGRESSIVE;
				CLANG_CXX_LANGUAGE_STANDARD = "gnu++14";
				CLANG_CXX_LIBRARY = "libc++";
				CLANG_ENABLE_MODULES = YES;
				CLANG_ENABLE_OBJC_ARC = YES;
				CLANG_ENABLE_OBJC_WEAK = YES;
				CLANG_WARN_BLOCK_CAPTURE_AUTORELEASING = YES;
				CLANG_WARN_BOOL_CONVERSION = YES;
				CLANG_WARN_COMMA = YES;
				CLANG_WARN_CONSTANT_CONVERSION = YES;
				CLANG_WARN_DEPRECATED_OBJC_IMPLEMENTATIONS = YES;
				CLANG_WARN_DIRECT_OBJC_ISA_USAGE = YES_ERROR;
				CLANG_WARN_DOCUMENTATION_COMMENTS = YES;
				CLANG_WARN_EMPTY_BODY = YES;
				CLANG_WARN_ENUM_CONVERSION = YES;
				CLANG_WARN_INFINITE_RECURSION = YES;
				CLANG_WARN_INT_CONVERSION = YES;
				CLANG_WARN_NON_LITERAL_NULL_CONVERSION = YES;
				CLANG_WARN_OBJC_IMPLICIT_RETAIN_SELF = YES;
				CLANG_WARN_OBJC_LITERAL_CONVERSION = YES;
				CLANG_WARN_OBJC_ROOT_CLASS = YES_ERROR;
				CLANG_WARN_RANGE_LOOP_ANALYSIS = YES;
				CLANG_WARN_STRICT_PROTOTYPES = YES;
				CLANG_WARN_SUSPICIOUS_MOVE = YES;
				CLANG_WARN_UNGUARDED_AVAILABILITY = YES_AGGRESSIVE;
				CLANG_WARN_UNREACHABLE_CODE = YES;
				CLANG_WARN__DUPLICATE_METHOD_MATCH = YES;
				CODE_SIGN_IDENTITY = "iPhone Developer";
				COPY_PHASE_STRIP = NO;
				DEBUG_INFORMATION_FORMAT = dwarf;
				ENABLE_STRICT_OBJC_MSGSEND = YES;
				ENABLE_TESTABILITY = YES;
				GCC_C_LANGUAGE_STANDARD = gnu11;
				GCC_DYNAMIC_NO_PIC = NO;
				GCC_NO_COMMON_BLOCKS = YES;
				GCC_OPTIMIZATION_LEVEL = 0;
				GCC_PREPROCESSOR_DEFINITIONS = (
					"DEBUG=1",
					"$(inherited)",
				);
				GCC_WARN_64_TO_32_BIT_CONVERSION = YES;
				GCC_WARN_ABOUT_RETURN_TYPE = YES_ERROR;
				GCC_WARN_UNDECLARED_SELECTOR = YES;
				GCC_WARN_UNINITIALIZED_AUTOS = YES_AGGRESSIVE;
				GCC_WARN_UNUSED_FUNCTION = YES;
				GCC_WARN_UNUSED_VARIABLE = YES;
				IPHONEOS_DEPLOYMENT_TARGET = 12.0;
				MTL_ENABLE_DEBUG_INFO = INCLUDE_SOURCE;
				MTL_FAST_MATH = YES;
				ONLY_ACTIVE_ARCH = YES;
				SDKROOT = iphoneos;
				SWIFT_ACTIVE_COMPILATION_CONDITIONS = DEBUG;
				SWIFT_OPTIMIZATION_LEVEL = "-Onone";
			};
			name = Debug;
		};
		03C271C92477E5C4003034F2 /* Release */ = {
			isa = XCBuildConfiguration;
			buildSettings = {
				ALWAYS_SEARCH_USER_PATHS = NO;
				CLANG_ANALYZER_NONNULL = YES;
				CLANG_ANALYZER_NUMBER_OBJECT_CONVERSION = YES_AGGRESSIVE;
				CLANG_CXX_LANGUAGE_STANDARD = "gnu++14";
				CLANG_CXX_LIBRARY = "libc++";
				CLANG_ENABLE_MODULES = YES;
				CLANG_ENABLE_OBJC_ARC = YES;
				CLANG_ENABLE_OBJC_WEAK = YES;
				CLANG_WARN_BLOCK_CAPTURE_AUTORELEASING = YES;
				CLANG_WARN_BOOL_CONVERSION = YES;
				CLANG_WARN_COMMA = YES;
				CLANG_WARN_CONSTANT_CONVERSION = YES;
				CLANG_WARN_DEPRECATED_OBJC_IMPLEMENTATIONS = YES;
				CLANG_WARN_DIRECT_OBJC_ISA_USAGE = YES_ERROR;
				CLANG_WARN_DOCUMENTATION_COMMENTS = YES;
				CLANG_WARN_EMPTY_BODY = YES;
				CLANG_WARN_ENUM_CONVERSION = YES;
				CLANG_WARN_INFINITE_RECURSION = YES;
				CLANG_WARN_INT_CONVERSION = YES;
				CLANG_WARN_NON_LITERAL_NULL_CONVERSION = YES;
				CLANG_WARN_OBJC_IMPLICIT_RETAIN_SELF = YES;
				CLANG_WARN_OBJC_LITERAL_CONVERSION = YES;
				CLANG_WARN_OBJC_ROOT_CLASS = YES_ERROR;
				CLANG_WARN_RANGE_LOOP_ANALYSIS = YES;
				CLANG_WARN_STRICT_PROTOTYPES = YES;
				CLANG_WARN_SUSPICIOUS_MOVE = YES;
				CLANG_WARN_UNGUARDED_AVAILABILITY = YES_AGGRESSIVE;
				CLANG_WARN_UNREACHABLE_CODE = YES;
				CLANG_WARN__DUPLICATE_METHOD_MATCH = YES;
				CODE_SIGN_IDENTITY = "iPhone Developer";
				COPY_PHASE_STRIP = NO;
				DEBUG_INFORMATION_FORMAT = "dwarf-with-dsym";
				ENABLE_NS_ASSERTIONS = NO;
				ENABLE_STRICT_OBJC_MSGSEND = YES;
				GCC_C_LANGUAGE_STANDARD = gnu11;
				GCC_NO_COMMON_BLOCKS = YES;
				GCC_WARN_64_TO_32_BIT_CONVERSION = YES;
				GCC_WARN_ABOUT_RETURN_TYPE = YES_ERROR;
				GCC_WARN_UNDECLARED_SELECTOR = YES;
				GCC_WARN_UNINITIALIZED_AUTOS = YES_AGGRESSIVE;
				GCC_WARN_UNUSED_FUNCTION = YES;
				GCC_WARN_UNUSED_VARIABLE = YES;
				IPHONEOS_DEPLOYMENT_TARGET = 12.0;
				MTL_ENABLE_DEBUG_INFO = NO;
				MTL_FAST_MATH = YES;
				SDKROOT = iphoneos;
				SWIFT_COMPILATION_MODE = wholemodule;
				SWIFT_OPTIMIZATION_LEVEL = "-O";
				VALIDATE_PRODUCT = YES;
			};
			name = Release;
		};
		03C271CB2477E5C4003034F2 /* Debug */ = {
			isa = XCBuildConfiguration;
			baseConfigurationReference = F9845EB90151D88B0341FF43 /* Pods-OptusWeatherDemoApp.debug.xcconfig */;
			buildSettings = {
				CODE_SIGN_STYLE = Automatic;
				DEVELOPMENT_TEAM = XZ43382LHQ;
				INFOPLIST_FILE = OptusWeatherDemoApp/Info.plist;
				IPHONEOS_DEPLOYMENT_TARGET = 12.0;
				LD_RUNPATH_SEARCH_PATHS = (
					"$(inherited)",
					"@executable_path/Frameworks",
				);
				PRODUCT_BUNDLE_IDENTIFIER = techM.OptusWeatherDemoApp;
				PRODUCT_NAME = "$(TARGET_NAME)";
				SWIFT_VERSION = 5.0;
				TARGETED_DEVICE_FAMILY = "1,2";
			};
			name = Debug;
		};
		03C271CC2477E5C4003034F2 /* Release */ = {
			isa = XCBuildConfiguration;
			baseConfigurationReference = 02F60678E8BC1757FC792538 /* Pods-OptusWeatherDemoApp.release.xcconfig */;
			buildSettings = {
				CODE_SIGN_STYLE = Automatic;
				DEVELOPMENT_TEAM = XZ43382LHQ;
				INFOPLIST_FILE = OptusWeatherDemoApp/Info.plist;
				IPHONEOS_DEPLOYMENT_TARGET = 12.0;
				LD_RUNPATH_SEARCH_PATHS = (
					"$(inherited)",
					"@executable_path/Frameworks",
				);
				PRODUCT_BUNDLE_IDENTIFIER = techM.OptusWeatherDemoApp;
				PRODUCT_NAME = "$(TARGET_NAME)";
				SWIFT_VERSION = 5.0;
				TARGETED_DEVICE_FAMILY = "1,2";
			};
			name = Release;
		};
		03C271CE2477E5C4003034F2 /* Debug */ = {
			isa = XCBuildConfiguration;
			baseConfigurationReference = 42990C58F591760ED1743640 /* Pods-OptusWeatherDemoAppTests.debug.xcconfig */;
			buildSettings = {
				ALWAYS_EMBED_SWIFT_STANDARD_LIBRARIES = YES;
				BUNDLE_LOADER = "$(TEST_HOST)";
				CODE_SIGN_STYLE = Automatic;
				INFOPLIST_FILE = OptusWeatherDemoAppTests/Info.plist;
				LD_RUNPATH_SEARCH_PATHS = (
					"$(inherited)",
					"@executable_path/Frameworks",
					"@loader_path/Frameworks",
				);
				PRODUCT_BUNDLE_IDENTIFIER = techM.OptusWeatherDemoAppTests;
				PRODUCT_NAME = "$(TARGET_NAME)";
				SWIFT_VERSION = 5.0;
				TARGETED_DEVICE_FAMILY = "1,2";
				TEST_HOST = "$(BUILT_PRODUCTS_DIR)/OptusWeatherDemoApp.app/OptusWeatherDemoApp";
			};
			name = Debug;
		};
		03C271CF2477E5C4003034F2 /* Release */ = {
			isa = XCBuildConfiguration;
			baseConfigurationReference = D150C9D0FD7A6EEEAE1CADE5 /* Pods-OptusWeatherDemoAppTests.release.xcconfig */;
			buildSettings = {
				ALWAYS_EMBED_SWIFT_STANDARD_LIBRARIES = YES;
				BUNDLE_LOADER = "$(TEST_HOST)";
				CODE_SIGN_STYLE = Automatic;
				INFOPLIST_FILE = OptusWeatherDemoAppTests/Info.plist;
				LD_RUNPATH_SEARCH_PATHS = (
					"$(inherited)",
					"@executable_path/Frameworks",
					"@loader_path/Frameworks",
				);
				PRODUCT_BUNDLE_IDENTIFIER = techM.OptusWeatherDemoAppTests;
				PRODUCT_NAME = "$(TARGET_NAME)";
				SWIFT_VERSION = 5.0;
				TARGETED_DEVICE_FAMILY = "1,2";
				TEST_HOST = "$(BUILT_PRODUCTS_DIR)/OptusWeatherDemoApp.app/OptusWeatherDemoApp";
			};
			name = Release;
		};
		03C271D12477E5C4003034F2 /* Debug */ = {
			isa = XCBuildConfiguration;
			baseConfigurationReference = 76C1DF1417ADF40506EFA412 /* Pods-OptusWeatherDemoApp-OptusWeatherDemoAppUITests.debug.xcconfig */;
			buildSettings = {
				ALWAYS_EMBED_SWIFT_STANDARD_LIBRARIES = YES;
				CODE_SIGN_STYLE = Automatic;
				INFOPLIST_FILE = OptusWeatherDemoAppUITests/Info.plist;
				LD_RUNPATH_SEARCH_PATHS = (
					"$(inherited)",
					"@executable_path/Frameworks",
					"@loader_path/Frameworks",
				);
				PRODUCT_BUNDLE_IDENTIFIER = techM.OptusWeatherDemoAppUITests;
				PRODUCT_NAME = "$(TARGET_NAME)";
				SWIFT_VERSION = 5.0;
				TARGETED_DEVICE_FAMILY = "1,2";
				TEST_TARGET_NAME = OptusWeatherDemoApp;
			};
			name = Debug;
		};
		03C271D22477E5C4003034F2 /* Release */ = {
			isa = XCBuildConfiguration;
			baseConfigurationReference = 58DF19FB912BF902622E5862 /* Pods-OptusWeatherDemoApp-OptusWeatherDemoAppUITests.release.xcconfig */;
			buildSettings = {
				ALWAYS_EMBED_SWIFT_STANDARD_LIBRARIES = YES;
				CODE_SIGN_STYLE = Automatic;
				INFOPLIST_FILE = OptusWeatherDemoAppUITests/Info.plist;
				LD_RUNPATH_SEARCH_PATHS = (
					"$(inherited)",
					"@executable_path/Frameworks",
					"@loader_path/Frameworks",
				);
				PRODUCT_BUNDLE_IDENTIFIER = techM.OptusWeatherDemoAppUITests;
				PRODUCT_NAME = "$(TARGET_NAME)";
				SWIFT_VERSION = 5.0;
				TARGETED_DEVICE_FAMILY = "1,2";
				TEST_TARGET_NAME = OptusWeatherDemoApp;
			};
			name = Release;
		};
/* End XCBuildConfiguration section */

/* Begin XCConfigurationList section */
		03C2719D2477E5C3003034F2 /* Build configuration list for PBXProject "OptusWeatherDemoApp" */ = {
			isa = XCConfigurationList;
			buildConfigurations = (
				03C271C82477E5C4003034F2 /* Debug */,
				03C271C92477E5C4003034F2 /* Release */,
			);
			defaultConfigurationIsVisible = 0;
			defaultConfigurationName = Release;
		};
		03C271CA2477E5C4003034F2 /* Build configuration list for PBXNativeTarget "OptusWeatherDemoApp" */ = {
			isa = XCConfigurationList;
			buildConfigurations = (
				03C271CB2477E5C4003034F2 /* Debug */,
				03C271CC2477E5C4003034F2 /* Release */,
			);
			defaultConfigurationIsVisible = 0;
			defaultConfigurationName = Release;
		};
		03C271CD2477E5C4003034F2 /* Build configuration list for PBXNativeTarget "OptusWeatherDemoAppTests" */ = {
			isa = XCConfigurationList;
			buildConfigurations = (
				03C271CE2477E5C4003034F2 /* Debug */,
				03C271CF2477E5C4003034F2 /* Release */,
			);
			defaultConfigurationIsVisible = 0;
			defaultConfigurationName = Release;
		};
		03C271D02477E5C4003034F2 /* Build configuration list for PBXNativeTarget "OptusWeatherDemoAppUITests" */ = {
			isa = XCConfigurationList;
			buildConfigurations = (
				03C271D12477E5C4003034F2 /* Debug */,
				03C271D22477E5C4003034F2 /* Release */,
			);
			defaultConfigurationIsVisible = 0;
			defaultConfigurationName = Release;
		};
/* End XCConfigurationList section */
	};
	rootObject = 03C2719A2477E5C3003034F2 /* Project object */;
}
